
Microsoft Visual Studio Solution File, Format Version 12.00
# Visual Studio Version 16
VisualStudioVersion = 16.0.31025.194
MinimumVisualStudioVersion = 10.0.40219.1
Project("{FAE04EC0-301F-11D3-BF4B-00C04F79EFBC}") = "AutoZTape", "AutoZTape\AutoZTape.csproj", "{12491EA1-4850-4B44-AA55-E490641A1972}"
EndProject
Project("{FAE04EC0-301F-11D3-BF4B-00C04F79EFBC}") = "SettingsForm", "SettingsForm\SettingsForm.csproj", "{13D79072-3506-4323-86E3-D5451FFB87B4}"
EndProject
Global
	GlobalSection(SolutionConfigurationPlatforms) = preSolution
		Debug|Any CPU = Debug|Any CPU
		Release|Any CPU = Release|Any CPU
	EndGlobalSection
	GlobalSection(ProjectConfigurationPlatforms) = postSolution
		{12491EA1-4850-4B44-AA55-E490641A1972}.Debug|Any CPU.ActiveCfg = Debug|Any CPU
		{12491EA1-4850-4B44-AA55-E490641A1972}.Debug|Any CPU.Build.0 = Debug|Any CPU
		{12491EA1-4850-4B44-AA55-E490641A1972}.Release|Any CPU.ActiveCfg = Release|Any CPU
		{12491EA1-4850-4B44-AA55-E490641A1972}.Release|Any CPU.Build.0 = Release|Any CPU
		{13D79072-3506-4323-86E3-D5451FFB87B4}.Debug|Any CPU.ActiveCfg = Debug|Any CPU
		{13D79072-3506-4323-86E3-D5451FFB87B4}.Debug|Any CPU.Build.0 = Debug|Any CPU
		{13D79072-3506-4323-86E3-D5451FFB87B4}.Release|Any CPU.ActiveCfg = Release|Any CPU
		{13D79072-3506-4323-86E3-D5451FFB87B4}.Release|Any CPU.Build.0 = Release|Any CPU
	EndGlobalSection
	GlobalSection(SolutionProperties) = preSolution
		HideSolutionNode = FALSE
	EndGlobalSection
	GlobalSection(ExtensibilityGlobals) = postSolution
		SolutionGuid = {DD93BDF5-AE55-42E0-B5BE-32AFCB2B17E9}
	EndGlobalSection
EndGlobal
